
Microsoft Visual Studio Solution File, Format Version 12.00
# Visual Studio Version 17
VisualStudioVersion = 17.6.33829.357
MinimumVisualStudioVersion = 10.0.40219.1
Project("{FAE04EC0-301F-11D3-BF4B-00C04F79EFBC}") = "FormsMonete&Dadi", "FormsMonete&Dadi\FormsMonete&Dadi.csproj", "{D66CFD5B-6F49-4027-8695-68EF4026B176}"
EndProject
Global
	GlobalSection(SolutionConfigurationPlatforms) = preSolution
		Debug|Any CPU = Debug|Any CPU
		Release|Any CPU = Release|Any CPU
	EndGlobalSection
	GlobalSection(ProjectConfigurationPlatforms) = postSolution
		{D66CFD5B-6F49-4027-8695-68EF4026B176}.Debug|Any CPU.ActiveCfg = Debug|Any CPU
		{D66CFD5B-6F49-4027-8695-68EF4026B176}.Debug|Any CPU.Build.0 = Debug|Any CPU
		{D66CFD5B-6F49-4027-8695-68EF4026B176}.Release|Any CPU.ActiveCfg = Release|Any CPU
		{D66CFD5B-6F49-4027-8695-68EF4026B176}.Release|Any CPU.Build.0 = Release|Any CPU
	EndGlobalSection
	GlobalSection(SolutionProperties) = preSolution
		HideSolutionNode = FALSE
	EndGlobalSection
	GlobalSection(ExtensibilityGlobals) = postSolution
		SolutionGuid = {B544D7F1-CDB5-496B-A35D-AE7C36127664}
	EndGlobalSection
EndGlobal
